// !$*UTF8*$!
{
	archiveVersion = 1;
	classes = {
	};
	objectVersion = 46;
	objects = {

/* Begin PBXBuildFile section */
		D093279B1DE724510035FF04 /* AppDelegate.swift in Sources */ = {isa = PBXBuildFile; fileRef = D093279A1DE724510035FF04 /* AppDelegate.swift */; };
		D093279D1DE724510035FF04 /* ViewController.swift in Sources */ = {isa = PBXBuildFile; fileRef = D093279C1DE724510035FF04 /* ViewController.swift */; };
		D09327A01DE724510035FF04 /* Main.storyboard in Resources */ = {isa = PBXBuildFile; fileRef = D093279E1DE724510035FF04 /* Main.storyboard */; };
		D09327A21DE724510035FF04 /* Assets.xcassets in Resources */ = {isa = PBXBuildFile; fileRef = D09327A11DE724510035FF04 /* Assets.xcassets */; };
		D09327A51DE724510035FF04 /* LaunchScreen.storyboard in Resources */ = {isa = PBXBuildFile; fileRef = D09327A31DE724510035FF04 /* LaunchScreen.storyboard */; };
		D09327AD1DE7248D0035FF04 /* CarouselPageViewController.swift in Sources */ = {isa = PBXBuildFile; fileRef = D09327AC1DE7248D0035FF04 /* CarouselPageViewController.swift */; };
		D09327AF1DE72B310035FF04 /* CarouselImageViewController.swift in Sources */ = {isa = PBXBuildFile; fileRef = D09327AE1DE72B310035FF04 /* CarouselImageViewController.swift */; };
/* End PBXBuildFile section */

/* Begin PBXFileReference section */
		D09327971DE724510035FF04 /* CarouselTest.app */ = {isa = PBXFileReference; explicitFileType = wrapper.application; includeInIndex = 0; path = CarouselTest.app; sourceTree = BUILT_PRODUCTS_DIR; };
		D093279A1DE724510035FF04 /* AppDelegate.swift */ = {isa = PBXFileReference; lastKnownFileType = sourcecode.swift; path = AppDelegate.swift; sourceTree = "<group>"; };
		D093279C1DE724510035FF04 /* ViewController.swift */ = {isa = PBXFileReference; lastKnownFileType = sourcecode.swift; path = ViewController.swift; sourceTree = "<group>"; };
		D093279F1DE724510035FF04 /* Base */ = {isa = PBXFileReference; lastKnownFileType = file.storyboard; name = Base; path = Base.lproj/Main.storyboard; sourceTree = "<group>"; };
		D09327A11DE724510035FF04 /* Assets.xcassets */ = {isa = PBXFileReference; lastKnownFileType = folder.assetcatalog; path = Assets.xcassets; sourceTree = "<group>"; };
		D09327A41DE724510035FF04 /* Base */ = {isa = PBXFileReference; lastKnownFileType = file.storyboard; name = Base; path = Base.lproj/LaunchScreen.storyboard; sourceTree = "<group>"; };
		D09327A61DE724510035FF04 /* Info.plist */ = {isa = PBXFileReference; lastKnownFileType = text.plist.xml; path = Info.plist; sourceTree = "<group>"; };
		D09327AC1DE7248D0035FF04 /* CarouselPageViewController.swift */ = {isa = PBXFileReference; fileEncoding = 4; lastKnownFileType = sourcecode.swift; path = CarouselPageViewController.swift; sourceTree = "<group>"; };
		D09327AE1DE72B310035FF04 /* CarouselImageViewController.swift */ = {isa = PBXFileReference; fileEncoding = 4; lastKnownFileType = sourcecode.swift; path = CarouselImageViewController.swift; sourceTree = "<group>"; };
/* End PBXFileReference section */

/* Begin PBXFrameworksBuildPhase section */
		D09327941DE724510035FF04 /* Frameworks */ = {
			isa = PBXFrameworksBuildPhase;
			buildActionMask = 2147483647;
			files = (
			);
			runOnlyForDeploymentPostprocessing = 0;
		};
/* End PBXFrameworksBuildPhase section */

/* Begin PBXGroup section */
		D093278E1DE724510035FF04 = {
			isa = PBXGroup;
			children = (
				D09327991DE724510035FF04 /* CarouselTest */,
				D09327981DE724510035FF04 /* Products */,
			);
			sourceTree = "<group>";
		};
		D09327981DE724510035FF04 /* Products */ = {
			isa = PBXGroup;
			children = (
				D09327971DE724510035FF04 /* CarouselTest.app */,
			);
			name = Products;
			sourceTree = "<group>";
		};
		D09327991DE724510035FF04 /* CarouselTest */ = {
			isa = PBXGroup;
			children = (
				D093279A1DE724510035FF04 /* AppDelegate.swift */,
				D093279C1DE724510035FF04 /* ViewController.swift */,
				D093279E1DE724510035FF04 /* Main.storyboard */,
				D09327A11DE724510035FF04 /* Assets.xcassets */,
				D09327A31DE724510035FF04 /* LaunchScreen.storyboard */,
				D09327A61DE724510035FF04 /* Info.plist */,
				D09327AC1DE7248D0035FF04 /* CarouselPageViewController.swift */,
				D09327AE1DE72B310035FF04 /* CarouselImageViewController.swift */,
			);
			path = CarouselTest;
			sourceTree = "<group>";
		};
/* End PBXGroup section */

/* Begin PBXNativeTarget section */
		D09327961DE724510035FF04 /* CarouselTest */ = {
			isa = PBXNativeTarget;
			buildConfigurationList = D09327A91DE724510035FF04 /* Build configuration list for PBXNativeTarget "CarouselTest" */;
			buildPhases = (
				D09327931DE724510035FF04 /* Sources */,
				D09327941DE724510035FF04 /* Frameworks */,
				D09327951DE724510035FF04 /* Resources */,
			);
			buildRules = (
			);
			dependencies = (
			);
			name = CarouselTest;
			productName = CarouselTest;
			productReference = D09327971DE724510035FF04 /* CarouselTest.app */;
			productType = "com.apple.product-type.application";
		};
/* End PBXNativeTarget section */

/* Begin PBXProject section */
		D093278F1DE724510035FF04 /* Project object */ = {
			isa = PBXProject;
			attributes = {
				LastSwiftUpdateCheck = 0810;
				LastUpgradeCheck = 0810;
				ORGANIZATIONNAME = ReelTrak;
				TargetAttributes = {
					D09327961DE724510035FF04 = {
						CreatedOnToolsVersion = 8.1;
						DevelopmentTeam = GHX3XR26Q5;
						ProvisioningStyle = Automatic;
					};
				};
			};
			buildConfigurationList = D09327921DE724510035FF04 /* Build configuration list for PBXProject "CarouselTest" */;
			compatibilityVersion = "Xcode 3.2";
			developmentRegion = English;
			hasScannedForEncodings = 0;
			knownRegions = (
				en,
				Base,
			);
			mainGroup = D093278E1DE724510035FF04;
			productRefGroup = D09327981DE724510035FF04 /* Products */;
			projectDirPath = "";
			projectRoot = "";
			targets = (
				D09327961DE724510035FF04 /* CarouselTest */,
			);
		};
/* End PBXProject section */

/* Begin PBXResourcesBuildPhase section */
		D09327951DE724510035FF04 /* Resources */ = {
			isa = PBXResourcesBuildPhase;
			buildActionMask = 2147483647;
			files = (
				D09327A51DE724510035FF04 /* LaunchScreen.storyboard in Resources */,
				D09327A21DE724510035FF04 /* Assets.xcassets in Resources */,
				D09327A01DE724510035FF04 /* Main.storyboard in Resources */,
			);
			runOnlyForDeploymentPostprocessing = 0;
		};
/* End PBXResourcesBuildPhase section */

/* Begin PBXSourcesBuildPhase section */
		D09327931DE724510035FF04 /* Sources */ = {
			isa = PBXSourcesBuildPhase;
			buildActionMask = 2147483647;
			files = (
				D09327AF1DE72B310035FF04 /* CarouselImageViewController.swift in Sources */,
				D093279D1DE724510035FF04 /* ViewController.swift in Sources */,
				D09327AD1DE7248D0035FF04 /* CarouselPageViewController.swift in Sources */,
				D093279B1DE724510035FF04 /* AppDelegate.swift in Sources */,
			);
			runOnlyForDeploymentPostprocessing = 0;
		};
/* End PBXSourcesBuildPhase section */

/* Begin PBXVariantGroup section */
		D093279E1DE724510035FF04 /* Main.storyboard */ = {
			isa = PBXVariantGroup;
			children = (
				D093279F1DE724510035FF04 /* Base */,
			);
			name = Main.storyboard;
			sourceTree = "<group>";
		};
		D09327A31DE724510035FF04 /* LaunchScreen.storyboard */ = {
			isa = PBXVariantGroup;
			children = (
				D09327A41DE724510035FF04 /* Base */,
			);
			name = LaunchScreen.storyboard;
			sourceTree = "<group>";
		};
/* End PBXVariantGroup section */

/* Begin XCBuildConfiguration section */
		D09327A71DE724510035FF04 /* Debug */ = {
			isa = XCBuildConfiguration;
			buildSettings = {
				ALWAYS_SEARCH_USER_PATHS = NO;
				CLANG_ANALYZER_NONNULL = YES;
				CLANG_CXX_LANGUAGE_STANDARD = "gnu++0x";
				CLANG_CXX_LIBRARY = "libc++";
				CLANG_ENABLE_MODULES = YES;
				CLANG_ENABLE_OBJC_ARC = YES;
				CLANG_WARN_BOOL_CONVERSION = YES;
				CLANG_WARN_CONSTANT_CONVERSION = YES;
				CLANG_WARN_DIRECT_OBJC_ISA_USAGE = YES_ERROR;
				CLANG_WARN_DOCUMENTATION_COMMENTS = YES;
				CLANG_WARN_EMPTY_BODY = YES;
				CLANG_WARN_ENUM_CONVERSION = YES;
				CLANG_WARN_INFINITE_RECURSION = YES;
				CLANG_WARN_INT_CONVERSION = YES;
				CLANG_WARN_OBJC_ROOT_CLASS = YES_ERROR;
				CLANG_WARN_SUSPICIOUS_MOVES = YES;
				CLANG_WARN_UNREACHABLE_CODE = YES;
				CLANG_WARN__DUPLICATE_METHOD_MATCH = YES;
				"CODE_SIGN_IDENTITY[sdk=iphoneos*]" = "iPhone Developer";
				COPY_PHASE_STRIP = NO;
				DEBUG_INFORMATION_FORMAT = dwarf;
				ENABLE_STRICT_OBJC_MSGSEND = YES;
				ENABLE_TESTABILITY = YES;
				GCC_C_LANGUAGE_STANDARD = gnu99;
				GCC_DYNAMIC_NO_PIC = NO;
				GCC_NO_COMMON_BLOCKS = YES;
				GCC_OPTIMIZATION_LEVEL = 0;
				GCC_PREPROCESSOR_DEFINITIONS = (
					"DEBUG=1",
					"$(inherited)",
				);
				GCC_WARN_64_TO_32_BIT_CONVERSION = YES;
				GCC_WARN_ABOUT_RETURN_TYPE = YES_ERROR;
				GCC_WARN_UNDECLARED_SELECTOR = YES;
				GCC_WARN_UNINITIALIZED_AUTOS = YES_AGGRESSIVE;
				GCC_WARN_UNUSED_FUNCTION = YES;
				GCC_WARN_UNUSED_VARIABLE = YES;
				IPHONEOS_DEPLOYMENT_TARGET = 10.1;
				MTL_ENABLE_DEBUG_INFO = YES;
				ONLY_ACTIVE_ARCH = YES;
				SDKROOT = iphoneos;
				SWIFT_ACTIVE_COMPILATION_CONDITIONS = DEBUG;
				SWIFT_OPTIMIZATION_LEVEL = "-Onone";
				TARGETED_DEVICE_FAMILY = "1,2";
			};
			name = Debug;
		};
		D09327A81DE724510035FF04 /* Release */ = {
			isa = XCBuildConfiguration;
			buildSettings = {
				ALWAYS_SEARCH_USER_PATHS = NO;
				CLANG_ANALYZER_NONNULL = YES;
				CLANG_CXX_LANGUAGE_STANDARD = "gnu++0x";
				CLANG_CXX_LIBRARY = "libc++";
				CLANG_ENABLE_MODULES = YES;
				CLANG_ENABLE_OBJC_ARC = YES;
				CLANG_WARN_BOOL_CONVERSION = YES;
				CLANG_WARN_CONSTANT_CONVERSION = YES;
				CLANG_WARN_DIRECT_OBJC_ISA_USAGE = YES_ERROR;
				CLANG_WARN_DOCUMENTATION_COMMENTS = YES;
				CLANG_WARN_EMPTY_BODY = YES;
				CLANG_WARN_ENUM_CONVERSION = YES;
				CLANG_WARN_INFINITE_RECURSION = YES;
				CLANG_WARN_INT_CONVERSION = YES;
				CLANG_WARN_OBJC_ROOT_CLASS = YES_ERROR;
				CLANG_WARN_SUSPICIOUS_MOVES = YES;
				CLANG_WARN_UNREACHABLE_CODE = YES;
				CLANG_WARN__DUPLICATE_METHOD_MATCH = YES;
				"CODE_SIGN_IDENTITY[sdk=iphoneos*]" = "iPhone Developer";
				COPY_PHASE_STRIP = NO;
				DEBUG_INFORMATION_FORMAT = "dwarf-with-dsym";
				ENABLE_NS_ASSERTIONS = NO;
				ENABLE_STRICT_OBJC_MSGSEND = YES;
				GCC_C_LANGUAGE_STANDARD = gnu99;
				GCC_NO_COMMON_BLOCKS = YES;
				GCC_WARN_64_TO_32_BIT_CONVERSION = YES;
				GCC_WARN_ABOUT_RETURN_TYPE = YES_ERROR;
				GCC_WARN_UNDECLARED_SELECTOR = YES;
				GCC_WARN_UNINITIALIZED_AUTOS = YES_AGGRESSIVE;
				GCC_WARN_UNUSED_FUNCTION = YES;
				GCC_WARN_UNUSED_VARIABLE = YES;
				IPHONEOS_DEPLOYMENT_TARGET = 10.1;
				MTL_ENABLE_DEBUG_INFO = NO;
				SDKROOT = iphoneos;
				SWIFT_OPTIMIZATION_LEVEL = "-Owholemodule";
				TARGETED_DEVICE_FAMILY = "1,2";
				VALIDATE_PRODUCT = YES;
			};
			name = Release;
		};
		D09327AA1DE724510035FF04 /* Debug */ = {
			isa = XCBuildConfiguration;
			buildSettings = {
				ASSETCATALOG_COMPILER_APPICON_NAME = AppIcon;
				DEVELOPMENT_TEAM = GHX3XR26Q5;
				INFOPLIST_FILE = CarouselTest/Info.plist;
				LD_RUNPATH_SEARCH_PATHS = "$(inherited) @executable_path/Frameworks";
				PRODUCT_BUNDLE_IDENTIFIER = reeltrak.com.CarouselTest;
				PRODUCT_NAME = "$(TARGET_NAME)";
				SWIFT_VERSION = 3.0;
			};
			name = Debug;
		};
		D09327AB1DE724510035FF04 /* Release */ = {
			isa = XCBuildConfiguration;
			buildSettings = {
				ASSETCATALOG_COMPILER_APPICON_NAME = AppIcon;
				DEVELOPMENT_TEAM = GHX3XR26Q5;
				INFOPLIST_FILE = CarouselTest/Info.plist;
				LD_RUNPATH_SEARCH_PATHS = "$(inherited) @executable_path/Frameworks";
				PRODUCT_BUNDLE_IDENTIFIER = reeltrak.com.CarouselTest;
				PRODUCT_NAME = "$(TARGET_NAME)";
				SWIFT_VERSION = 3.0;
			};
			name = Release;
		};
/* End XCBuildConfiguration section */

/* Begin XCConfigurationList section */
		D09327921DE724510035FF04 /* Build configuration list for PBXProject "CarouselTest" */ = {
			isa = XCConfigurationList;
			buildConfigurations = (
				D09327A71DE724510035FF04 /* Debug */,
				D09327A81DE724510035FF04 /* Release */,
			);
			defaultConfigurationIsVisible = 0;
			defaultConfigurationName = Release;
		};
		D09327A91DE724510035FF04 /* Build configuration list for PBXNativeTarget "CarouselTest" */ = {
			isa = XCConfigurationList;
			buildConfigurations = (
				D09327AA1DE724510035FF04 /* Debug */,
				D09327AB1DE724510035FF04 /* Release */,
			);
			defaultConfigurationIsVisible = 0;
		};
/* End XCConfigurationList section */
	};
	rootObject = D093278F1DE724510035FF04 /* Project object */;
}
